
Microsoft Visual Studio Solution File, Format Version 12.00
# Visual Studio Version 17
VisualStudioVersion = 17.7.34202.233
MinimumVisualStudioVersion = 10.0.40219.1
Project("{FAE04EC0-301F-11D3-BF4B-00C04F79EFBC}") = "atv7", "atv7.csproj", "{4F015BE0-AF56-411E-92DE-5217286EE01F}"
EndProject
Global
	GlobalSection(SolutionConfigurationPlatforms) = preSolution
		Debug|Any CPU = Debug|Any CPU
		Release|Any CPU = Release|Any CPU
	EndGlobalSection
	GlobalSection(ProjectConfigurationPlatforms) = postSolution
		{4F015BE0-AF56-411E-92DE-5217286EE01F}.Debug|Any CPU.ActiveCfg = Debug|Any CPU
		{4F015BE0-AF56-411E-92DE-5217286EE01F}.Debug|Any CPU.Build.0 = Debug|Any CPU
		{4F015BE0-AF56-411E-92DE-5217286EE01F}.Release|Any CPU.ActiveCfg = Release|Any CPU
		{4F015BE0-AF56-411E-92DE-5217286EE01F}.Release|Any CPU.Build.0 = Release|Any CPU
	EndGlobalSection
	GlobalSection(SolutionProperties) = preSolution
		HideSolutionNode = FALSE
	EndGlobalSection
	GlobalSection(ExtensibilityGlobals) = postSolution
		SolutionGuid = {7FAE6E2E-5E40-4324-847E-EDE1E9096D8E}
	EndGlobalSection
EndGlobal
