
Microsoft Visual Studio Solution File, Format Version 12.00
# Visual Studio Version 17
VisualStudioVersion = 17.7.34202.233
MinimumVisualStudioVersion = 10.0.40219.1
Project("{FAE04EC0-301F-11D3-BF4B-00C04F79EFBC}") = "atv2", "atv2.csproj", "{3B92A578-7949-4C0A-A9E2-F65F32BD60E4}"
EndProject
Global
	GlobalSection(SolutionConfigurationPlatforms) = preSolution
		Debug|Any CPU = Debug|Any CPU
		Release|Any CPU = Release|Any CPU
	EndGlobalSection
	GlobalSection(ProjectConfigurationPlatforms) = postSolution
		{3B92A578-7949-4C0A-A9E2-F65F32BD60E4}.Debug|Any CPU.ActiveCfg = Debug|Any CPU
		{3B92A578-7949-4C0A-A9E2-F65F32BD60E4}.Debug|Any CPU.Build.0 = Debug|Any CPU
		{3B92A578-7949-4C0A-A9E2-F65F32BD60E4}.Release|Any CPU.ActiveCfg = Release|Any CPU
		{3B92A578-7949-4C0A-A9E2-F65F32BD60E4}.Release|Any CPU.Build.0 = Release|Any CPU
	EndGlobalSection
	GlobalSection(SolutionProperties) = preSolution
		HideSolutionNode = FALSE
	EndGlobalSection
	GlobalSection(ExtensibilityGlobals) = postSolution
		SolutionGuid = {8D683267-1DDB-4DAA-BFC9-3B62F11E1859}
	EndGlobalSection
EndGlobal
